# Code generated by scarb DO NOT EDIT.
version = 1

[[package]]
name = "nutron_wallet_contract"
version = "0.1.0"
dependencies = [
 "openzeppelin_introspection",
 "snforge_std",
]

[[package]]
name = "openzeppelin_introspection"
version = "0.16.0"
source = "registry+https://scarbs.xyz/"
checksum = "sha256:312bc2e531f036480ad7392dbb31042c38d875ef9dbb5578ea8de5c05e35b7d8"

[[package]]
name = "snforge_std"
version = "0.24.0"
source = "git+https://github.com/foundry-rs/starknet-foundry?tag=v0.24.0#95e9fb09cb91b3c05295915179ee1b55bf923653"
